
Microsoft Visual Studio Solution File, Format Version 12.00
# Visual Studio 15
VisualStudioVersion = 15.0.28307.106
MinimumVisualStudioVersion = 10.0.40219.1
Project("{FAE04EC0-301F-11D3-BF4B-00C04F79EFBC}") = "lyndaDemo.Android", "lyndaDemo\lyndaDemo.Android\lyndaDemo.Android.csproj", "{5013BEFD-F978-4CE2-8D69-A07B3B1C44A8}"
EndProject
Project("{FAE04EC0-301F-11D3-BF4B-00C04F79EFBC}") = "lyndaDemo.iOS", "lyndaDemo\lyndaDemo.iOS\lyndaDemo.iOS.csproj", "{069EAB2C-88EC-4610-99D6-77EC5DCFB763}"
EndProject
Project("{FAE04EC0-301F-11D3-BF4B-00C04F79EFBC}") = "lyndaDemo.UWP", "lyndaDemo\lyndaDemo.UWP\lyndaDemo.UWP.csproj", "{E1025BC1-847B-4440-953F-1F2D14269B70}"
EndProject
Project("{FAE04EC0-301F-11D3-BF4B-00C04F79EFBC}") = "lyndaDemo", "lyndaDemo\lyndaDemo\lyndaDemo.csproj", "{5492B5D0-FB26-4183-9474-11C405942ACD}"
EndProject
Global
	GlobalSection(SolutionConfigurationPlatforms) = preSolution
		Ad-Hoc|Any CPU = Ad-Hoc|Any CPU
		Ad-Hoc|ARM = Ad-Hoc|ARM
		Ad-Hoc|iPhone = Ad-Hoc|iPhone
		Ad-Hoc|iPhoneSimulator = Ad-Hoc|iPhoneSimulator
		Ad-Hoc|x64 = Ad-Hoc|x64
		Ad-Hoc|x86 = Ad-Hoc|x86
		AppStore|Any CPU = AppStore|Any CPU
		AppStore|ARM = AppStore|ARM
		AppStore|iPhone = AppStore|iPhone
		AppStore|iPhoneSimulator = AppStore|iPhoneSimulator
		AppStore|x64 = AppStore|x64
		AppStore|x86 = AppStore|x86
		Debug|Any CPU = Debug|Any CPU
		Debug|ARM = Debug|ARM
		Debug|iPhone = Debug|iPhone
		Debug|iPhoneSimulator = Debug|iPhoneSimulator
		Debug|x64 = Debug|x64
		Debug|x86 = Debug|x86
		Release|Any CPU = Release|Any CPU
		Release|ARM = Release|ARM
		Release|iPhone = Release|iPhone
		Release|iPhoneSimulator = Release|iPhoneSimulator
		Release|x64 = Release|x64
		Release|x86 = Release|x86
	EndGlobalSection
	GlobalSection(ProjectConfigurationPlatforms) = postSolution
		{5013BEFD-F978-4CE2-8D69-A07B3B1C44A8}.Ad-Hoc|Any CPU.ActiveCfg = Release|Any CPU
		{5013BEFD-F978-4CE2-8D69-A07B3B1C44A8}.Ad-Hoc|Any CPU.Build.0 = Release|Any CPU
		{5013BEFD-F978-4CE2-8D69-A07B3B1C44A8}.Ad-Hoc|Any CPU.Deploy.0 = Release|Any CPU
		{5013BEFD-F978-4CE2-8D69-A07B3B1C44A8}.Ad-Hoc|ARM.ActiveCfg = Release|Any CPU
		{5013BEFD-F978-4CE2-8D69-A07B3B1C44A8}.Ad-Hoc|ARM.Build.0 = Release|Any CPU
		{5013BEFD-F978-4CE2-8D69-A07B3B1C44A8}.Ad-Hoc|ARM.Deploy.0 = Release|Any CPU
		{5013BEFD-F978-4CE2-8D69-A07B3B1C44A8}.Ad-Hoc|iPhone.ActiveCfg = Release|Any CPU
		{5013BEFD-F978-4CE2-8D69-A07B3B1C44A8}.Ad-Hoc|iPhone.Build.0 = Release|Any CPU
		{5013BEFD-F978-4CE2-8D69-A07B3B1C44A8}.Ad-Hoc|iPhone.Deploy.0 = Release|Any CPU
		{5013BEFD-F978-4CE2-8D69-A07B3B1C44A8}.Ad-Hoc|iPhoneSimulator.ActiveCfg = Release|Any CPU
		{5013BEFD-F978-4CE2-8D69-A07B3B1C44A8}.Ad-Hoc|iPhoneSimulator.Build.0 = Release|Any CPU
		{5013BEFD-F978-4CE2-8D69-A07B3B1C44A8}.Ad-Hoc|iPhoneSimulator.Deploy.0 = Release|Any CPU
		{5013BEFD-F978-4CE2-8D69-A07B3B1C44A8}.Ad-Hoc|x64.ActiveCfg = Release|Any CPU
		{5013BEFD-F978-4CE2-8D69-A07B3B1C44A8}.Ad-Hoc|x64.Build.0 = Release|Any CPU
		{5013BEFD-F978-4CE2-8D69-A07B3B1C44A8}.Ad-Hoc|x64.Deploy.0 = Release|Any CPU
		{5013BEFD-F978-4CE2-8D69-A07B3B1C44A8}.Ad-Hoc|x86.ActiveCfg = Release|Any CPU
		{5013BEFD-F978-4CE2-8D69-A07B3B1C44A8}.Ad-Hoc|x86.Build.0 = Release|Any CPU
		{5013BEFD-F978-4CE2-8D69-A07B3B1C44A8}.Ad-Hoc|x86.Deploy.0 = Release|Any CPU
		{5013BEFD-F978-4CE2-8D69-A07B3B1C44A8}.AppStore|Any CPU.ActiveCfg = Release|Any CPU
		{5013BEFD-F978-4CE2-8D69-A07B3B1C44A8}.AppStore|Any CPU.Build.0 = Release|Any CPU
		{5013BEFD-F978-4CE2-8D69-A07B3B1C44A8}.AppStore|Any CPU.Deploy.0 = Release|Any CPU
		{5013BEFD-F978-4CE2-8D69-A07B3B1C44A8}.AppStore|ARM.ActiveCfg = Release|Any CPU
		{5013BEFD-F978-4CE2-8D69-A07B3B1C44A8}.AppStore|ARM.Build.0 = Release|Any CPU
		{5013BEFD-F978-4CE2-8D69-A07B3B1C44A8}.AppStore|ARM.Deploy.0 = Release|Any CPU
		{5013BEFD-F978-4CE2-8D69-A07B3B1C44A8}.AppStore|iPhone.ActiveCfg = Release|Any CPU
		{5013BEFD-F978-4CE2-8D69-A07B3B1C44A8}.AppStore|iPhone.Build.0 = Release|Any CPU
		{5013BEFD-F978-4CE2-8D69-A07B3B1C44A8}.AppStore|iPhone.Deploy.0 = Release|Any CPU
		{5013BEFD-F978-4CE2-8D69-A07B3B1C44A8}.AppStore|iPhoneSimulator.ActiveCfg = Release|Any CPU
		{5013BEFD-F978-4CE2-8D69-A07B3B1C44A8}.AppStore|iPhoneSimulator.Build.0 = Release|Any CPU
		{5013BEFD-F978-4CE2-8D69-A07B3B1C44A8}.AppStore|iPhoneSimulator.Deploy.0 = Release|Any CPU
		{5013BEFD-F978-4CE2-8D69-A07B3B1C44A8}.AppStore|x64.ActiveCfg = Release|Any CPU
		{5013BEFD-F978-4CE2-8D69-A07B3B1C44A8}.AppStore|x64.Build.0 = Release|Any CPU
		{5013BEFD-F978-4CE2-8D69-A07B3B1C44A8}.AppStore|x64.Deploy.0 = Release|Any CPU
		{5013BEFD-F978-4CE2-8D69-A07B3B1C44A8}.AppStore|x86.ActiveCfg = Release|Any CPU
		{5013BEFD-F978-4CE2-8D69-A07B3B1C44A8}.AppStore|x86.Build.0 = Release|Any CPU
		{5013BEFD-F978-4CE2-8D69-A07B3B1C44A8}.AppStore|x86.Deploy.0 = Release|Any CPU
		{5013BEFD-F978-4CE2-8D69-A07B3B1C44A8}.Debug|Any CPU.ActiveCfg = Debug|Any CPU
		{5013BEFD-F978-4CE2-8D69-A07B3B1C44A8}.Debug|Any CPU.Build.0 = Debug|Any CPU
		{5013BEFD-F978-4CE2-8D69-A07B3B1C44A8}.Debug|Any CPU.Deploy.0 = Debug|Any CPU
		{5013BEFD-F978-4CE2-8D69-A07B3B1C44A8}.Debug|ARM.ActiveCfg = Debug|Any CPU
		{5013BEFD-F978-4CE2-8D69-A07B3B1C44A8}.Debug|ARM.Build.0 = Debug|Any CPU
		{5013BEFD-F978-4CE2-8D69-A07B3B1C44A8}.Debug|ARM.Deploy.0 = Debug|Any CPU
		{5013BEFD-F978-4CE2-8D69-A07B3B1C44A8}.Debug|iPhone.ActiveCfg = Debug|Any CPU
		{5013BEFD-F978-4CE2-8D69-A07B3B1C44A8}.Debug|iPhone.Build.0 = Debug|Any CPU
		{5013BEFD-F978-4CE2-8D69-A07B3B1C44A8}.Debug|iPhone.Deploy.0 = Debug|Any CPU
		{5013BEFD-F978-4CE2-8D69-A07B3B1C44A8}.Debug|iPhoneSimulator.ActiveCfg = Debug|Any CPU
		{5013BEFD-F978-4CE2-8D69-A07B3B1C44A8}.Debug|iPhoneSimulator.Build.0 = Debug|Any CPU
		{5013BEFD-F978-4CE2-8D69-A07B3B1C44A8}.Debug|iPhoneSimulator.Deploy.0 = Debug|Any CPU
		{5013BEFD-F978-4CE2-8D69-A07B3B1C44A8}.Debug|x64.ActiveCfg = Debug|Any CPU
		{5013BEFD-F978-4CE2-8D69-A07B3B1C44A8}.Debug|x64.Build.0 = Debug|Any CPU
		{5013BEFD-F978-4CE2-8D69-A07B3B1C44A8}.Debug|x64.Deploy.0 = Debug|Any CPU
		{5013BEFD-F978-4CE2-8D69-A07B3B1C44A8}.Debug|x86.ActiveCfg = Debug|Any CPU
		{5013BEFD-F978-4CE2-8D69-A07B3B1C44A8}.Debug|x86.Build.0 = Debug|Any CPU
		{5013BEFD-F978-4CE2-8D69-A07B3B1C44A8}.Debug|x86.Deploy.0 = Debug|Any CPU
		{5013BEFD-F978-4CE2-8D69-A07B3B1C44A8}.Release|Any CPU.ActiveCfg = Release|Any CPU
		{5013BEFD-F978-4CE2-8D69-A07B3B1C44A8}.Release|Any CPU.Build.0 = Release|Any CPU
		{5013BEFD-F978-4CE2-8D69-A07B3B1C44A8}.Release|Any CPU.Deploy.0 = Release|Any CPU
		{5013BEFD-F978-4CE2-8D69-A07B3B1C44A8}.Release|ARM.ActiveCfg = Release|Any CPU
		{5013BEFD-F978-4CE2-8D69-A07B3B1C44A8}.Release|ARM.Build.0 = Release|Any CPU
		{5013BEFD-F978-4CE2-8D69-A07B3B1C44A8}.Release|ARM.Deploy.0 = Release|Any CPU
		{5013BEFD-F978-4CE2-8D69-A07B3B1C44A8}.Release|iPhone.ActiveCfg = Release|Any CPU
		{5013BEFD-F978-4CE2-8D69-A07B3B1C44A8}.Release|iPhone.Build.0 = Release|Any CPU
		{5013BEFD-F978-4CE2-8D69-A07B3B1C44A8}.Release|iPhone.Deploy.0 = Release|Any CPU
		{5013BEFD-F978-4CE2-8D69-A07B3B1C44A8}.Release|iPhoneSimulator.ActiveCfg = Release|Any CPU
		{5013BEFD-F978-4CE2-8D69-A07B3B1C44A8}.Release|iPhoneSimulator.Build.0 = Release|Any CPU
		{5013BEFD-F978-4CE2-8D69-A07B3B1C44A8}.Release|iPhoneSimulator.Deploy.0 = Release|Any CPU
		{5013BEFD-F978-4CE2-8D69-A07B3B1C44A8}.Release|x64.ActiveCfg = Release|Any CPU
		{5013BEFD-F978-4CE2-8D69-A07B3B1C44A8}.Release|x64.Build.0 = Release|Any CPU
		{5013BEFD-F978-4CE2-8D69-A07B3B1C44A8}.Release|x64.Deploy.0 = Release|Any CPU
		{5013BEFD-F978-4CE2-8D69-A07B3B1C44A8}.Release|x86.ActiveCfg = Release|Any CPU
		{5013BEFD-F978-4CE2-8D69-A07B3B1C44A8}.Release|x86.Build.0 = Release|Any CPU
		{5013BEFD-F978-4CE2-8D69-A07B3B1C44A8}.Release|x86.Deploy.0 = Release|Any CPU
		{069EAB2C-88EC-4610-99D6-77EC5DCFB763}.Ad-Hoc|Any CPU.ActiveCfg = Ad-Hoc|iPhone
		{069EAB2C-88EC-4610-99D6-77EC5DCFB763}.Ad-Hoc|Any CPU.Build.0 = Ad-Hoc|iPhone
		{069EAB2C-88EC-4610-99D6-77EC5DCFB763}.Ad-Hoc|Any CPU.Deploy.0 = Ad-Hoc|iPhone
		{069EAB2C-88EC-4610-99D6-77EC5DCFB763}.Ad-Hoc|ARM.ActiveCfg = Ad-Hoc|iPhone
		{069EAB2C-88EC-4610-99D6-77EC5DCFB763}.Ad-Hoc|ARM.Build.0 = Ad-Hoc|iPhone
		{069EAB2C-88EC-4610-99D6-77EC5DCFB763}.Ad-Hoc|ARM.Deploy.0 = Ad-Hoc|iPhone
		{069EAB2C-88EC-4610-99D6-77EC5DCFB763}.Ad-Hoc|iPhone.ActiveCfg = Ad-Hoc|iPhone
		{069EAB2C-88EC-4610-99D6-77EC5DCFB763}.Ad-Hoc|iPhone.Build.0 = Ad-Hoc|iPhone
		{069EAB2C-88EC-4610-99D6-77EC5DCFB763}.Ad-Hoc|iPhone.Deploy.0 = Ad-Hoc|iPhone
		{069EAB2C-88EC-4610-99D6-77EC5DCFB763}.Ad-Hoc|iPhoneSimulator.ActiveCfg = Ad-Hoc|iPhoneSimulator
		{069EAB2C-88EC-4610-99D6-77EC5DCFB763}.Ad-Hoc|iPhoneSimulator.Build.0 = Ad-Hoc|iPhoneSimulator
		{069EAB2C-88EC-4610-99D6-77EC5DCFB763}.Ad-Hoc|iPhoneSimulator.Deploy.0 = Ad-Hoc|iPhoneSimulator
		{069EAB2C-88EC-4610-99D6-77EC5DCFB763}.Ad-Hoc|x64.ActiveCfg = Ad-Hoc|iPhone
		{069EAB2C-88EC-4610-99D6-77EC5DCFB763}.Ad-Hoc|x64.Build.0 = Ad-Hoc|iPhone
		{069EAB2C-88EC-4610-99D6-77EC5DCFB763}.Ad-Hoc|x64.Deploy.0 = Ad-Hoc|iPhone
		{069EAB2C-88EC-4610-99D6-77EC5DCFB763}.Ad-Hoc|x86.ActiveCfg = Ad-Hoc|iPhone
		{069EAB2C-88EC-4610-99D6-77EC5DCFB763}.Ad-Hoc|x86.Build.0 = Ad-Hoc|iPhone
		{069EAB2C-88EC-4610-99D6-77EC5DCFB763}.Ad-Hoc|x86.Deploy.0 = Ad-Hoc|iPhone
		{069EAB2C-88EC-4610-99D6-77EC5DCFB763}.AppStore|Any CPU.ActiveCfg = AppStore|iPhone
		{069EAB2C-88EC-4610-99D6-77EC5DCFB763}.AppStore|Any CPU.Build.0 = AppStore|iPhone
		{069EAB2C-88EC-4610-99D6-77EC5DCFB763}.AppStore|Any CPU.Deploy.0 = AppStore|iPhone
		{069EAB2C-88EC-4610-99D6-77EC5DCFB763}.AppStore|ARM.ActiveCfg = AppStore|iPhone
		{069EAB2C-88EC-4610-99D6-77EC5DCFB763}.AppStore|ARM.Build.0 = AppStore|iPhone
		{069EAB2C-88EC-4610-99D6-77EC5DCFB763}.AppStore|ARM.Deploy.0 = AppStore|iPhone
		{069EAB2C-88EC-4610-99D6-77EC5DCFB763}.AppStore|iPhone.ActiveCfg = AppStore|iPhone
		{069EAB2C-88EC-4610-99D6-77EC5DCFB763}.AppStore|iPhone.Build.0 = AppStore|iPhone
		{069EAB2C-88EC-4610-99D6-77EC5DCFB763}.AppStore|iPhone.Deploy.0 = AppStore|iPhone
		{069EAB2C-88EC-4610-99D6-77EC5DCFB763}.AppStore|iPhoneSimulator.ActiveCfg = AppStore|iPhoneSimulator
		{069EAB2C-88EC-4610-99D6-77EC5DCFB763}.AppStore|iPhoneSimulator.Build.0 = AppStore|iPhoneSimulator
		{069EAB2C-88EC-4610-99D6-77EC5DCFB763}.AppStore|iPhoneSimulator.Deploy.0 = AppStore|iPhoneSimulator
		{069EAB2C-88EC-4610-99D6-77EC5DCFB763}.AppStore|x64.ActiveCfg = AppStore|iPhone
		{069EAB2C-88EC-4610-99D6-77EC5DCFB763}.AppStore|x64.Build.0 = AppStore|iPhone
		{069EAB2C-88EC-4610-99D6-77EC5DCFB763}.AppStore|x64.Deploy.0 = AppStore|iPhone
		{069EAB2C-88EC-4610-99D6-77EC5DCFB763}.AppStore|x86.ActiveCfg = AppStore|iPhone
		{069EAB2C-88EC-4610-99D6-77EC5DCFB763}.AppStore|x86.Build.0 = AppStore|iPhone
		{069EAB2C-88EC-4610-99D6-77EC5DCFB763}.AppStore|x86.Deploy.0 = AppStore|iPhone
		{069EAB2C-88EC-4610-99D6-77EC5DCFB763}.Debug|Any CPU.ActiveCfg = Debug|iPhoneSimulator
		{069EAB2C-88EC-4610-99D6-77EC5DCFB763}.Debug|Any CPU.Build.0 = Debug|iPhoneSimulator
		{069EAB2C-88EC-4610-99D6-77EC5DCFB763}.Debug|Any CPU.Deploy.0 = Debug|iPhoneSimulator
		{069EAB2C-88EC-4610-99D6-77EC5DCFB763}.Debug|ARM.ActiveCfg = Debug|iPhone
		{069EAB2C-88EC-4610-99D6-77EC5DCFB763}.Debug|ARM.Build.0 = Debug|iPhone
		{069EAB2C-88EC-4610-99D6-77EC5DCFB763}.Debug|ARM.Deploy.0 = Debug|iPhone
		{069EAB2C-88EC-4610-99D6-77EC5DCFB763}.Debug|iPhone.ActiveCfg = Debug|iPhone
		{069EAB2C-88EC-4610-99D6-77EC5DCFB763}.Debug|iPhone.Build.0 = Debug|iPhone
		{069EAB2C-88EC-4610-99D6-77EC5DCFB763}.Debug|iPhone.Deploy.0 = Debug|iPhone
		{069EAB2C-88EC-4610-99D6-77EC5DCFB763}.Debug|iPhoneSimulator.ActiveCfg = Debug|iPhoneSimulator
		{069EAB2C-88EC-4610-99D6-77EC5DCFB763}.Debug|iPhoneSimulator.Build.0 = Debug|iPhoneSimulator
		{069EAB2C-88EC-4610-99D6-77EC5DCFB763}.Debug|iPhoneSimulator.Deploy.0 = Debug|iPhoneSimulator
		{069EAB2C-88EC-4610-99D6-77EC5DCFB763}.Debug|x64.ActiveCfg = Debug|iPhone
		{069EAB2C-88EC-4610-99D6-77EC5DCFB763}.Debug|x64.Build.0 = Debug|iPhone
		{069EAB2C-88EC-4610-99D6-77EC5DCFB763}.Debug|x64.Deploy.0 = Debug|iPhone
		{069EAB2C-88EC-4610-99D6-77EC5DCFB763}.Debug|x86.ActiveCfg = Debug|iPhone
		{069EAB2C-88EC-4610-99D6-77EC5DCFB763}.Debug|x86.Build.0 = Debug|iPhone
		{069EAB2C-88EC-4610-99D6-77EC5DCFB763}.Debug|x86.Deploy.0 = Debug|iPhone
		{069EAB2C-88EC-4610-99D6-77EC5DCFB763}.Release|Any CPU.ActiveCfg = Release|iPhone
		{069EAB2C-88EC-4610-99D6-77EC5DCFB763}.Release|Any CPU.Build.0 = Release|iPhone
		{069EAB2C-88EC-4610-99D6-77EC5DCFB763}.Release|Any CPU.Deploy.0 = Release|iPhone
		{069EAB2C-88EC-4610-99D6-77EC5DCFB763}.Release|ARM.ActiveCfg = Release|iPhone
		{069EAB2C-88EC-4610-99D6-77EC5DCFB763}.Release|ARM.Build.0 = Release|iPhone
		{069EAB2C-88EC-4610-99D6-77EC5DCFB763}.Release|ARM.Deploy.0 = Release|iPhone
		{069EAB2C-88EC-4610-99D6-77EC5DCFB763}.Release|iPhone.ActiveCfg = Release|iPhone
		{069EAB2C-88EC-4610-99D6-77EC5DCFB763}.Release|iPhone.Build.0 = Release|iPhone
		{069EAB2C-88EC-4610-99D6-77EC5DCFB763}.Release|iPhone.Deploy.0 = Release|iPhone
		{069EAB2C-88EC-4610-99D6-77EC5DCFB763}.Release|iPhoneSimulator.ActiveCfg = Release|iPhoneSimulator
		{069EAB2C-88EC-4610-99D6-77EC5DCFB763}.Release|iPhoneSimulator.Build.0 = Release|iPhoneSimulator
		{069EAB2C-88EC-4610-99D6-77EC5DCFB763}.Release|iPhoneSimulator.Deploy.0 = Release|iPhoneSimulator
		{069EAB2C-88EC-4610-99D6-77EC5DCFB763}.Release|x64.ActiveCfg = Release|iPhone
		{069EAB2C-88EC-4610-99D6-77EC5DCFB763}.Release|x64.Build.0 = Release|iPhone
		{069EAB2C-88EC-4610-99D6-77EC5DCFB763}.Release|x64.Deploy.0 = Release|iPhone
		{069EAB2C-88EC-4610-99D6-77EC5DCFB763}.Release|x86.ActiveCfg = Release|iPhone
		{069EAB2C-88EC-4610-99D6-77EC5DCFB763}.Release|x86.Build.0 = Release|iPhone
		{069EAB2C-88EC-4610-99D6-77EC5DCFB763}.Release|x86.Deploy.0 = Release|iPhone
		{E1025BC1-847B-4440-953F-1F2D14269B70}.Ad-Hoc|Any CPU.ActiveCfg = Release|x86
		{E1025BC1-847B-4440-953F-1F2D14269B70}.Ad-Hoc|Any CPU.Build.0 = Release|x86
		{E1025BC1-847B-4440-953F-1F2D14269B70}.Ad-Hoc|Any CPU.Deploy.0 = Release|x86
		{E1025BC1-847B-4440-953F-1F2D14269B70}.Ad-Hoc|ARM.ActiveCfg = Release|ARM
		{E1025BC1-847B-4440-953F-1F2D14269B70}.Ad-Hoc|ARM.Build.0 = Release|ARM
		{E1025BC1-847B-4440-953F-1F2D14269B70}.Ad-Hoc|ARM.Deploy.0 = Release|ARM
		{E1025BC1-847B-4440-953F-1F2D14269B70}.Ad-Hoc|iPhone.ActiveCfg = Release|x86
		{E1025BC1-847B-4440-953F-1F2D14269B70}.Ad-Hoc|iPhone.Build.0 = Release|x86
		{E1025BC1-847B-4440-953F-1F2D14269B70}.Ad-Hoc|iPhone.Deploy.0 = Release|x86
		{E1025BC1-847B-4440-953F-1F2D14269B70}.Ad-Hoc|iPhoneSimulator.ActiveCfg = Release|x86
		{E1025BC1-847B-4440-953F-1F2D14269B70}.Ad-Hoc|iPhoneSimulator.Build.0 = Release|x86
		{E1025BC1-847B-4440-953F-1F2D14269B70}.Ad-Hoc|iPhoneSimulator.Deploy.0 = Release|x86
		{E1025BC1-847B-4440-953F-1F2D14269B70}.Ad-Hoc|x64.ActiveCfg = Release|x64
		{E1025BC1-847B-4440-953F-1F2D14269B70}.Ad-Hoc|x64.Build.0 = Release|x64
		{E1025BC1-847B-4440-953F-1F2D14269B70}.Ad-Hoc|x64.Deploy.0 = Release|x64
		{E1025BC1-847B-4440-953F-1F2D14269B70}.Ad-Hoc|x86.ActiveCfg = Release|x86
		{E1025BC1-847B-4440-953F-1F2D14269B70}.Ad-Hoc|x86.Build.0 = Release|x86
		{E1025BC1-847B-4440-953F-1F2D14269B70}.Ad-Hoc|x86.Deploy.0 = Release|x86
		{E1025BC1-847B-4440-953F-1F2D14269B70}.AppStore|Any CPU.ActiveCfg = Release|x86
		{E1025BC1-847B-4440-953F-1F2D14269B70}.AppStore|Any CPU.Build.0 = Release|x86
		{E1025BC1-847B-4440-953F-1F2D14269B70}.AppStore|Any CPU.Deploy.0 = Release|x86
		{E1025BC1-847B-4440-953F-1F2D14269B70}.AppStore|ARM.ActiveCfg = Release|ARM
		{E1025BC1-847B-4440-953F-1F2D14269B70}.AppStore|ARM.Build.0 = Release|ARM
		{E1025BC1-847B-4440-953F-1F2D14269B70}.AppStore|ARM.Deploy.0 = Release|ARM
		{E1025BC1-847B-4440-953F-1F2D14269B70}.AppStore|iPhone.ActiveCfg = Release|x86
		{E1025BC1-847B-4440-953F-1F2D14269B70}.AppStore|iPhone.Build.0 = Release|x86
		{E1025BC1-847B-4440-953F-1F2D14269B70}.AppStore|iPhone.Deploy.0 = Release|x86
		{E1025BC1-847B-4440-953F-1F2D14269B70}.AppStore|iPhoneSimulator.ActiveCfg = Release|x86
		{E1025BC1-847B-4440-953F-1F2D14269B70}.AppStore|iPhoneSimulator.Build.0 = Release|x86
		{E1025BC1-847B-4440-953F-1F2D14269B70}.AppStore|iPhoneSimulator.Deploy.0 = Release|x86
		{E1025BC1-847B-4440-953F-1F2D14269B70}.AppStore|x64.ActiveCfg = Release|x64
		{E1025BC1-847B-4440-953F-1F2D14269B70}.AppStore|x64.Build.0 = Release|x64
		{E1025BC1-847B-4440-953F-1F2D14269B70}.AppStore|x64.Deploy.0 = Release|x64
		{E1025BC1-847B-4440-953F-1F2D14269B70}.AppStore|x86.ActiveCfg = Release|x86
		{E1025BC1-847B-4440-953F-1F2D14269B70}.AppStore|x86.Build.0 = Release|x86
		{E1025BC1-847B-4440-953F-1F2D14269B70}.AppStore|x86.Deploy.0 = Release|x86
		{E1025BC1-847B-4440-953F-1F2D14269B70}.Debug|Any CPU.ActiveCfg = Debug|x86
		{E1025BC1-847B-4440-953F-1F2D14269B70}.Debug|Any CPU.Build.0 = Debug|x86
		{E1025BC1-847B-4440-953F-1F2D14269B70}.Debug|Any CPU.Deploy.0 = Debug|x86
		{E1025BC1-847B-4440-953F-1F2D14269B70}.Debug|ARM.ActiveCfg = Debug|ARM
		{E1025BC1-847B-4440-953F-1F2D14269B70}.Debug|ARM.Build.0 = Debug|ARM
		{E1025BC1-847B-4440-953F-1F2D14269B70}.Debug|ARM.Deploy.0 = Debug|ARM
		{E1025BC1-847B-4440-953F-1F2D14269B70}.Debug|iPhone.ActiveCfg = Debug|x86
		{E1025BC1-847B-4440-953F-1F2D14269B70}.Debug|iPhone.Build.0 = Debug|x86
		{E1025BC1-847B-4440-953F-1F2D14269B70}.Debug|iPhone.Deploy.0 = Debug|x86
		{E1025BC1-847B-4440-953F-1F2D14269B70}.Debug|iPhoneSimulator.ActiveCfg = Debug|x86
		{E1025BC1-847B-4440-953F-1F2D14269B70}.Debug|iPhoneSimulator.Build.0 = Debug|x86
		{E1025BC1-847B-4440-953F-1F2D14269B70}.Debug|iPhoneSimulator.Deploy.0 = Debug|x86
		{E1025BC1-847B-4440-953F-1F2D14269B70}.Debug|x64.ActiveCfg = Debug|x64
		{E1025BC1-847B-4440-953F-1F2D14269B70}.Debug|x64.Build.0 = Debug|x64
		{E1025BC1-847B-4440-953F-1F2D14269B70}.Debug|x64.Deploy.0 = Debug|x64
		{E1025BC1-847B-4440-953F-1F2D14269B70}.Debug|x86.ActiveCfg = Debug|x86
		{E1025BC1-847B-4440-953F-1F2D14269B70}.Debug|x86.Build.0 = Debug|x86
		{E1025BC1-847B-4440-953F-1F2D14269B70}.Debug|x86.Deploy.0 = Debug|x86
		{E1025BC1-847B-4440-953F-1F2D14269B70}.Release|Any CPU.ActiveCfg = Release|x86
		{E1025BC1-847B-4440-953F-1F2D14269B70}.Release|Any CPU.Build.0 = Release|x86
		{E1025BC1-847B-4440-953F-1F2D14269B70}.Release|Any CPU.Deploy.0 = Release|x86
		{E1025BC1-847B-4440-953F-1F2D14269B70}.Release|ARM.ActiveCfg = Release|ARM
		{E1025BC1-847B-4440-953F-1F2D14269B70}.Release|ARM.Build.0 = Release|ARM
		{E1025BC1-847B-4440-953F-1F2D14269B70}.Release|ARM.Deploy.0 = Release|ARM
		{E1025BC1-847B-4440-953F-1F2D14269B70}.Release|iPhone.ActiveCfg = Release|x86
		{E1025BC1-847B-4440-953F-1F2D14269B70}.Release|iPhone.Build.0 = Release|x86
		{E1025BC1-847B-4440-953F-1F2D14269B70}.Release|iPhone.Deploy.0 = Release|x86
		{E1025BC1-847B-4440-953F-1F2D14269B70}.Release|iPhoneSimulator.ActiveCfg = Release|x86
		{E1025BC1-847B-4440-953F-1F2D14269B70}.Release|iPhoneSimulator.Build.0 = Release|x86
		{E1025BC1-847B-4440-953F-1F2D14269B70}.Release|iPhoneSimulator.Deploy.0 = Release|x86
		{E1025BC1-847B-4440-953F-1F2D14269B70}.Release|x64.ActiveCfg = Release|x64
		{E1025BC1-847B-4440-953F-1F2D14269B70}.Release|x64.Build.0 = Release|x64
		{E1025BC1-847B-4440-953F-1F2D14269B70}.Release|x64.Deploy.0 = Release|x64
		{E1025BC1-847B-4440-953F-1F2D14269B70}.Release|x86.ActiveCfg = Release|x86
		{E1025BC1-847B-4440-953F-1F2D14269B70}.Release|x86.Build.0 = Release|x86
		{E1025BC1-847B-4440-953F-1F2D14269B70}.Release|x86.Deploy.0 = Release|x86
		{5492B5D0-FB26-4183-9474-11C405942ACD}.Ad-Hoc|Any CPU.ActiveCfg = Debug|Any CPU
		{5492B5D0-FB26-4183-9474-11C405942ACD}.Ad-Hoc|Any CPU.Build.0 = Debug|Any CPU
		{5492B5D0-FB26-4183-9474-11C405942ACD}.Ad-Hoc|Any CPU.Deploy.0 = Debug|Any CPU
		{5492B5D0-FB26-4183-9474-11C405942ACD}.Ad-Hoc|ARM.ActiveCfg = Debug|Any CPU
		{5492B5D0-FB26-4183-9474-11C405942ACD}.Ad-Hoc|ARM.Build.0 = Debug|Any CPU
		{5492B5D0-FB26-4183-9474-11C405942ACD}.Ad-Hoc|ARM.Deploy.0 = Debug|Any CPU
		{5492B5D0-FB26-4183-9474-11C405942ACD}.Ad-Hoc|iPhone.ActiveCfg = Debug|Any CPU
		{5492B5D0-FB26-4183-9474-11C405942ACD}.Ad-Hoc|iPhone.Build.0 = Debug|Any CPU
		{5492B5D0-FB26-4183-9474-11C405942ACD}.Ad-Hoc|iPhone.Deploy.0 = Debug|Any CPU
		{5492B5D0-FB26-4183-9474-11C405942ACD}.Ad-Hoc|iPhoneSimulator.ActiveCfg = Debug|Any CPU
		{5492B5D0-FB26-4183-9474-11C405942ACD}.Ad-Hoc|iPhoneSimulator.Build.0 = Debug|Any CPU
		{5492B5D0-FB26-4183-9474-11C405942ACD}.Ad-Hoc|iPhoneSimulator.Deploy.0 = Debug|Any CPU
		{5492B5D0-FB26-4183-9474-11C405942ACD}.Ad-Hoc|x64.ActiveCfg = Debug|Any CPU
		{5492B5D0-FB26-4183-9474-11C405942ACD}.Ad-Hoc|x64.Build.0 = Debug|Any CPU
		{5492B5D0-FB26-4183-9474-11C405942ACD}.Ad-Hoc|x64.Deploy.0 = Debug|Any CPU
		{5492B5D0-FB26-4183-9474-11C405942ACD}.Ad-Hoc|x86.ActiveCfg = Debug|Any CPU
		{5492B5D0-FB26-4183-9474-11C405942ACD}.Ad-Hoc|x86.Build.0 = Debug|Any CPU
		{5492B5D0-FB26-4183-9474-11C405942ACD}.Ad-Hoc|x86.Deploy.0 = Debug|Any CPU
		{5492B5D0-FB26-4183-9474-11C405942ACD}.AppStore|Any CPU.ActiveCfg = Debug|Any CPU
		{5492B5D0-FB26-4183-9474-11C405942ACD}.AppStore|Any CPU.Build.0 = Debug|Any CPU
		{5492B5D0-FB26-4183-9474-11C405942ACD}.AppStore|Any CPU.Deploy.0 = Debug|Any CPU
		{5492B5D0-FB26-4183-9474-11C405942ACD}.AppStore|ARM.ActiveCfg = Debug|Any CPU
		{5492B5D0-FB26-4183-9474-11C405942ACD}.AppStore|ARM.Build.0 = Debug|Any CPU
		{5492B5D0-FB26-4183-9474-11C405942ACD}.AppStore|ARM.Deploy.0 = Debug|Any CPU
		{5492B5D0-FB26-4183-9474-11C405942ACD}.AppStore|iPhone.ActiveCfg = Debug|Any CPU
		{5492B5D0-FB26-4183-9474-11C405942ACD}.AppStore|iPhone.Build.0 = Debug|Any CPU
		{5492B5D0-FB26-4183-9474-11C405942ACD}.AppStore|iPhone.Deploy.0 = Debug|Any CPU
		{5492B5D0-FB26-4183-9474-11C405942ACD}.AppStore|iPhoneSimulator.ActiveCfg = Debug|Any CPU
		{5492B5D0-FB26-4183-9474-11C405942ACD}.AppStore|iPhoneSimulator.Build.0 = Debug|Any CPU
		{5492B5D0-FB26-4183-9474-11C405942ACD}.AppStore|iPhoneSimulator.Deploy.0 = Debug|Any CPU
		{5492B5D0-FB26-4183-9474-11C405942ACD}.AppStore|x64.ActiveCfg = Debug|Any CPU
		{5492B5D0-FB26-4183-9474-11C405942ACD}.AppStore|x64.Build.0 = Debug|Any CPU
		{5492B5D0-FB26-4183-9474-11C405942ACD}.AppStore|x64.Deploy.0 = Debug|Any CPU
		{5492B5D0-FB26-4183-9474-11C405942ACD}.AppStore|x86.ActiveCfg = Debug|Any CPU
		{5492B5D0-FB26-4183-9474-11C405942ACD}.AppStore|x86.Build.0 = Debug|Any CPU
		{5492B5D0-FB26-4183-9474-11C405942ACD}.AppStore|x86.Deploy.0 = Debug|Any CPU
		{5492B5D0-FB26-4183-9474-11C405942ACD}.Debug|Any CPU.ActiveCfg = Debug|Any CPU
		{5492B5D0-FB26-4183-9474-11C405942ACD}.Debug|Any CPU.Build.0 = Debug|Any CPU
		{5492B5D0-FB26-4183-9474-11C405942ACD}.Debug|Any CPU.Deploy.0 = Debug|Any CPU
		{5492B5D0-FB26-4183-9474-11C405942ACD}.Debug|ARM.ActiveCfg = Debug|Any CPU
		{5492B5D0-FB26-4183-9474-11C405942ACD}.Debug|ARM.Build.0 = Debug|Any CPU
		{5492B5D0-FB26-4183-9474-11C405942ACD}.Debug|ARM.Deploy.0 = Debug|Any CPU
		{5492B5D0-FB26-4183-9474-11C405942ACD}.Debug|iPhone.ActiveCfg = Debug|Any CPU
		{5492B5D0-FB26-4183-9474-11C405942ACD}.Debug|iPhone.Build.0 = Debug|Any CPU
		{5492B5D0-FB26-4183-9474-11C405942ACD}.Debug|iPhone.Deploy.0 = Debug|Any CPU
		{5492B5D0-FB26-4183-9474-11C405942ACD}.Debug|iPhoneSimulator.ActiveCfg = Debug|Any CPU
		{5492B5D0-FB26-4183-9474-11C405942ACD}.Debug|iPhoneSimulator.Build.0 = Debug|Any CPU
		{5492B5D0-FB26-4183-9474-11C405942ACD}.Debug|iPhoneSimulator.Deploy.0 = Debug|Any CPU
		{5492B5D0-FB26-4183-9474-11C405942ACD}.Debug|x64.ActiveCfg = Debug|Any CPU
		{5492B5D0-FB26-4183-9474-11C405942ACD}.Debug|x64.Build.0 = Debug|Any CPU
		{5492B5D0-FB26-4183-9474-11C405942ACD}.Debug|x64.Deploy.0 = Debug|Any CPU
		{5492B5D0-FB26-4183-9474-11C405942ACD}.Debug|x86.ActiveCfg = Debug|Any CPU
		{5492B5D0-FB26-4183-9474-11C405942ACD}.Debug|x86.Build.0 = Debug|Any CPU
		{5492B5D0-FB26-4183-9474-11C405942ACD}.Debug|x86.Deploy.0 = Debug|Any CPU
		{5492B5D0-FB26-4183-9474-11C405942ACD}.Release|Any CPU.ActiveCfg = Release|Any CPU
		{5492B5D0-FB26-4183-9474-11C405942ACD}.Release|Any CPU.Build.0 = Release|Any CPU
		{5492B5D0-FB26-4183-9474-11C405942ACD}.Release|Any CPU.Deploy.0 = Release|Any CPU
		{5492B5D0-FB26-4183-9474-11C405942ACD}.Release|ARM.ActiveCfg = Release|Any CPU
		{5492B5D0-FB26-4183-9474-11C405942ACD}.Release|ARM.Build.0 = Release|Any CPU
		{5492B5D0-FB26-4183-9474-11C405942ACD}.Release|ARM.Deploy.0 = Release|Any CPU
		{5492B5D0-FB26-4183-9474-11C405942ACD}.Release|iPhone.ActiveCfg = Release|Any CPU
		{5492B5D0-FB26-4183-9474-11C405942ACD}.Release|iPhone.Build.0 = Release|Any CPU
		{5492B5D0-FB26-4183-9474-11C405942ACD}.Release|iPhone.Deploy.0 = Release|Any CPU
		{5492B5D0-FB26-4183-9474-11C405942ACD}.Release|iPhoneSimulator.ActiveCfg = Release|Any CPU
		{5492B5D0-FB26-4183-9474-11C405942ACD}.Release|iPhoneSimulator.Build.0 = Release|Any CPU
		{5492B5D0-FB26-4183-9474-11C405942ACD}.Release|iPhoneSimulator.Deploy.0 = Release|Any CPU
		{5492B5D0-FB26-4183-9474-11C405942ACD}.Release|x64.ActiveCfg = Release|Any CPU
		{5492B5D0-FB26-4183-9474-11C405942ACD}.Release|x64.Build.0 = Release|Any CPU
		{5492B5D0-FB26-4183-9474-11C405942ACD}.Release|x64.Deploy.0 = Release|Any CPU
		{5492B5D0-FB26-4183-9474-11C405942ACD}.Release|x86.ActiveCfg = Release|Any CPU
		{5492B5D0-FB26-4183-9474-11C405942ACD}.Release|x86.Build.0 = Release|Any CPU
		{5492B5D0-FB26-4183-9474-11C405942ACD}.Release|x86.Deploy.0 = Release|Any CPU
	EndGlobalSection
	GlobalSection(SolutionProperties) = preSolution
		HideSolutionNode = FALSE
	EndGlobalSection
	GlobalSection(ExtensibilityGlobals) = postSolution
		SolutionGuid = {6A19823B-24B6-486B-BA21-8120BE20C552}
	EndGlobalSection
EndGlobal
